
Microsoft Visual Studio Solution File, Format Version 12.00
# Visual Studio Version 16
VisualStudioVersion = 16.0.29001.49
MinimumVisualStudioVersion = 10.0.40219.1
Project("{FAE04EC0-301F-11D3-BF4B-00C04F79EFBC}") = "volumes", "volumes\volumes.csproj", "{1B2781DA-6F83-4D18-A2C4-588E55C1E3E7}"
EndProject
Global
	GlobalSection(SolutionConfigurationPlatforms) = preSolution
		Debug|Any CPU = Debug|Any CPU
		Release|Any CPU = Release|Any CPU
	EndGlobalSection
	GlobalSection(ProjectConfigurationPlatforms) = postSolution
		{1B2781DA-6F83-4D18-A2C4-588E55C1E3E7}.Debug|Any CPU.ActiveCfg = Debug|Any CPU
		{1B2781DA-6F83-4D18-A2C4-588E55C1E3E7}.Debug|Any CPU.Build.0 = Debug|Any CPU
		{1B2781DA-6F83-4D18-A2C4-588E55C1E3E7}.Release|Any CPU.ActiveCfg = Release|Any CPU
		{1B2781DA-6F83-4D18-A2C4-588E55C1E3E7}.Release|Any CPU.Build.0 = Release|Any CPU
	EndGlobalSection
	GlobalSection(SolutionProperties) = preSolution
		HideSolutionNode = FALSE
	EndGlobalSection
	GlobalSection(ExtensibilityGlobals) = postSolution
		SolutionGuid = {8A493E60-73BC-4C27-816B-631C72DBFA55}
	EndGlobalSection
EndGlobal
